Microsoft Visual Studio Solution File, Format Version 12.00
# Visual Studio Version 17
VisualStudioVersion = 17.5.2.0
MinimumVisualStudioVersion = 10.0.40219.1
Project("{FAE04EC0-301F-11D3-BF4B-00C04F79EFBC}") = "LockaiMvc", "LockaiMvc.csproj", "{56188C3C-5044-E1DF-E5BF-7984FDE78053}"
EndProject
Global
	GlobalSection(SolutionConfigurationPlatforms) = preSolution
		Debug|Any CPU = Debug|Any CPU
		Release|Any CPU = Release|Any CPU
	EndGlobalSection
	GlobalSection(ProjectConfigurationPlatforms) = postSolution
		{56188C3C-5044-E1DF-E5BF-7984FDE78053}.Debug|Any CPU.ActiveCfg = Debug|Any CPU
		{56188C3C-5044-E1DF-E5BF-7984FDE78053}.Debug|Any CPU.Build.0 = Debug|Any CPU
		{56188C3C-5044-E1DF-E5BF-7984FDE78053}.Release|Any CPU.ActiveCfg = Release|Any CPU
		{56188C3C-5044-E1DF-E5BF-7984FDE78053}.Release|Any CPU.Build.0 = Release|Any CPU
	EndGlobalSection
	GlobalSection(SolutionProperties) = preSolution
		HideSolutionNode = FALSE
	EndGlobalSection
	GlobalSection(ExtensibilityGlobals) = postSolution
		SolutionGuid = {4C2418C0-2CD4-44D1-8A1A-74AB22B8B08C}
	EndGlobalSection
EndGlobal
